<?xml version="1.0" encoding="utf-8"?>
<Project ToolsVersion="4.0" xmlns="http://schemas.microsoft.com/developer/msbuild/2003">
  <ItemGroup>
    <ClInclude Include="ref-count.h" />
    <ClInclude Include="console-print.h" />
    <ClInclude Include="default-deleter.h" />
    <ClInclude Include="ptr.h" />
    <ClInclude Include="event-impl.h" />
    <ClInclude Include="make-event.h" />
    <ClInclude Include="scheduler.h" />
    <ClInclude Include="allocator.h" />
    <ClInclude Include="type-id.h" />
    <ClInclude Include="singleton.h" />
    <ClInclude Include="object-base.h" />
    <ClInclude Include="attribute.h" />
    <ClInclude Include="integer-value.h" />
    <ClInclude Include="attribute-accessor-helper.h" />
    <ClInclude Include="callback.h" />
    <ClInclude Include="type-test-obj.h" />
    <ClInclude Include="object.h" />
    <ClInclude Include="object-factory.h" />
  </ItemGroup>
  <ItemGroup>
    <ClCompile Include="main.cpp" />
    <ClCompile Include="scheduler.cpp" />
    <ClCompile Include="type-id.cpp" />
    <ClCompile Include="attribute.cpp" />
    <ClCompile Include="integer-value.cpp" />
    <ClCompile Include="object-base.cpp" />
    <ClCompile Include="type-test-obj.cpp" />
    <ClCompile Include="object.cpp" />
    <ClCompile Include="object-factory.cpp" />
  </ItemGroup>
</Project>